
Microsoft Visual Studio Solution File, Format Version 12.00
# Visual Studio Version 17
VisualStudioVersion = 17.2.32630.192
MinimumVisualStudioVersion = 10.0.40219.1
Project("{FAE04EC0-301F-11D3-BF4B-00C04F79EFBC}") = "Calculation", "Calculation\Calculation.csproj", "{D3569EDA-1FBC-4851-ADAC-2A8EB3CB55E0}"
EndProject
Global
	GlobalSection(SolutionConfigurationPlatforms) = preSolution
		Debug|Any CPU = Debug|Any CPU
		Release|Any CPU = Release|Any CPU
	EndGlobalSection
	GlobalSection(ProjectConfigurationPlatforms) = postSolution
		{D3569EDA-1FBC-4851-ADAC-2A8EB3CB55E0}.Debug|Any CPU.ActiveCfg = Debug|Any CPU
		{D3569EDA-1FBC-4851-ADAC-2A8EB3CB55E0}.Debug|Any CPU.Build.0 = Debug|Any CPU
		{D3569EDA-1FBC-4851-ADAC-2A8EB3CB55E0}.Release|Any CPU.ActiveCfg = Release|Any CPU
		{D3569EDA-1FBC-4851-ADAC-2A8EB3CB55E0}.Release|Any CPU.Build.0 = Release|Any CPU
	EndGlobalSection
	GlobalSection(SolutionProperties) = preSolution
		HideSolutionNode = FALSE
	EndGlobalSection
	GlobalSection(ExtensibilityGlobals) = postSolution
		SolutionGuid = {256A867A-CE31-4149-978F-452DB7CE371C}
	EndGlobalSection
EndGlobal
